
Microsoft Visual Studio Solution File, Format Version 12.00
# Visual Studio 15
VisualStudioVersion = 15.0.28307.489
MinimumVisualStudioVersion = 10.0.40219.1
Project("{E24C65DC-7377-472B-9ABA-BC803B73C61A}") = "Sep3_DNP_Lab1TO4", "Sep3_DNP_Lab1TO4\", "{E2FC37A1-D093-4A58-AC2A-FC4406321884}"
	ProjectSection(WebsiteProperties) = preProject
		TargetFrameworkMoniker = ".NETFramework,Version%3Dv4.7.2"
		Debug.AspNetCompiler.VirtualPath = "/localhost_57519"
		Debug.AspNetCompiler.PhysicalPath = "Sep3_DNP_Lab1TO4\"
		Debug.AspNetCompiler.TargetPath = "PrecompiledWeb\localhost_57519\"
		Debug.AspNetCompiler.Updateable = "true"
		Debug.AspNetCompiler.ForceOverwrite = "true"
		Debug.AspNetCompiler.FixedNames = "false"
		Debug.AspNetCompiler.Debug = "True"
		Release.AspNetCompiler.VirtualPath = "/localhost_57519"
		Release.AspNetCompiler.PhysicalPath = "Sep3_DNP_Lab1TO4\"
		Release.AspNetCompiler.TargetPath = "PrecompiledWeb\localhost_57519\"
		Release.AspNetCompiler.Updateable = "true"
		Release.AspNetCompiler.ForceOverwrite = "true"
		Release.AspNetCompiler.FixedNames = "false"
		Release.AspNetCompiler.Debug = "False"
		VWDPort = "57519"
		SlnRelativePath = "Sep3_DNP_Lab1TO4\"
		DefaultWebSiteLanguage = "Visual C#"
	EndProjectSection
EndProject
Global
	GlobalSection(SolutionConfigurationPlatforms) = preSolution
		Debug|Any CPU = Debug|Any CPU
	EndGlobalSection
	GlobalSection(ProjectConfigurationPlatforms) = postSolution
		{E2FC37A1-D093-4A58-AC2A-FC4406321884}.Debug|Any CPU.ActiveCfg = Debug|Any CPU
		{E2FC37A1-D093-4A58-AC2A-FC4406321884}.Debug|Any CPU.Build.0 = Debug|Any CPU
	EndGlobalSection
	GlobalSection(SolutionProperties) = preSolution
		HideSolutionNode = FALSE
	EndGlobalSection
	GlobalSection(ExtensibilityGlobals) = postSolution
		SolutionGuid = {90CF7D4C-27D8-4705-A23C-FA345AC2103D}
	EndGlobalSection
EndGlobal
